
Microsoft Visual Studio Solution File, Format Version 12.00
# Visual Studio Version 17
VisualStudioVersion = 17.14.36203.30 d17.14
MinimumVisualStudioVersion = 10.0.40219.1
Project("{FAE04EC0-301F-11D3-BF4B-00C04F79EFBC}") = "Kalkulator", "Kalkulator.csproj", "{64487209-B18C-40D6-A26C-4F5723AEB501}"
EndProject
Project("{FAE04EC0-301F-11D3-BF4B-00C04F79EFBC}") = "Kalkulator.Test", "..\Kalkulator.Test\Kalkulator.Test.csproj", "{6C14A505-8D45-4E56-ABA3-1E6A438546A4}"
EndProject
Global
	GlobalSection(SolutionConfigurationPlatforms) = preSolution
		Debug|Any CPU = Debug|Any CPU
		Release|Any CPU = Release|Any CPU
	EndGlobalSection
	GlobalSection(ProjectConfigurationPlatforms) = postSolution
		{64487209-B18C-40D6-A26C-4F5723AEB501}.Debug|Any CPU.ActiveCfg = Debug|Any CPU
		{64487209-B18C-40D6-A26C-4F5723AEB501}.Debug|Any CPU.Build.0 = Debug|Any CPU
		{64487209-B18C-40D6-A26C-4F5723AEB501}.Release|Any CPU.ActiveCfg = Release|Any CPU
		{64487209-B18C-40D6-A26C-4F5723AEB501}.Release|Any CPU.Build.0 = Release|Any CPU
		{6C14A505-8D45-4E56-ABA3-1E6A438546A4}.Debug|Any CPU.ActiveCfg = Debug|Any CPU
		{6C14A505-8D45-4E56-ABA3-1E6A438546A4}.Debug|Any CPU.Build.0 = Debug|Any CPU
		{6C14A505-8D45-4E56-ABA3-1E6A438546A4}.Release|Any CPU.ActiveCfg = Release|Any CPU
		{6C14A505-8D45-4E56-ABA3-1E6A438546A4}.Release|Any CPU.Build.0 = Release|Any CPU
	EndGlobalSection
	GlobalSection(SolutionProperties) = preSolution
		HideSolutionNode = FALSE
	EndGlobalSection
	GlobalSection(ExtensibilityGlobals) = postSolution
		SolutionGuid = {5AB8BBE9-ED9F-4E87-9888-F81AC4DD76F0}
	EndGlobalSection
EndGlobal
